
Microsoft Visual Studio Solution File, Format Version 12.00
Project("{FAE04EC0-301F-11D3-BF4B-00C04F79EFBC}") = "ConsoleApp5", "ConsoleApp5\ConsoleApp5.csproj", "{74E54EF1-9393-4CAB-8691-140B40BCEC32}"
EndProject
Global
	GlobalSection(SolutionConfigurationPlatforms) = preSolution
		Debug|Any CPU = Debug|Any CPU
		Release|Any CPU = Release|Any CPU
	EndGlobalSection
	GlobalSection(ProjectConfigurationPlatforms) = postSolution
		{74E54EF1-9393-4CAB-8691-140B40BCEC32}.Debug|Any CPU.ActiveCfg = Debug|Any CPU
		{74E54EF1-9393-4CAB-8691-140B40BCEC32}.Debug|Any CPU.Build.0 = Debug|Any CPU
		{74E54EF1-9393-4CAB-8691-140B40BCEC32}.Release|Any CPU.ActiveCfg = Release|Any CPU
		{74E54EF1-9393-4CAB-8691-140B40BCEC32}.Release|Any CPU.Build.0 = Release|Any CPU
	EndGlobalSection
EndGlobal
